PODS:
  - CYLTabBarController (1.29.2):
    - CYLTabBarController/Core (= 1.29.2)
  - CYLTabBarController/Core (1.29.2)
  - DNSPageView (2.1.0)
  - ESTabBarController-swift (2.8.0)
  - FSPagerView (0.8.3)
  - HandyJSON (5.0.2)
  - JXMarqueeView (0.0.9)
  - Kingfisher (4.10.1)
  - MJRefresh (3.7.2)
  - SnapKit (4.2.0)
  - SVProgressHUD (2.2.5)

DEPENDENCIES:
  - CYLTabBarController
  - DNSPageView
  - ESTabBarController-swift
  - FSPagerView
  - HandyJSON
  - JXMarqueeView
  - Kingfisher
  - MJRefresh
  - SnapKit
  - SVProgressHUD

SPEC REPOS:
  trunk:
    - CYLTabBarController
    - DNSPageView
    - ESTabBarController-swift
    - FSPagerView
    - HandyJSON
    - JXMarqueeView
    - Kingfisher
    - MJRefresh
    - SnapKit
    - SVProgressHUD

SPEC CHECKSUMS:
  CYLTabBarController: db44b5901a28693a8a4279e4721b3aafdd36c178
  DNSPageView: 4d77a61f49a5668ec330fb7bd620d81354371ea7
  ESTabBarController-swift: 05593a6ad64700b03c0eb60ff625916370aa4136
  FSPagerView: 670405b2f18e2a87fa37f20b00de783e562c25a8
  HandyJSON: 9e4e236f5d2dbefad5155a77417bbea438201c03
  JXMarqueeView: 0058108f80f149b25ff3bc3705c1af348fe7be8f
  Kingfisher: c148cd7b47ebde9989f6bc7c27dcaa79d81279a0
  MJRefresh: 30997d30b347c8e9508a4db11e3a690da0c9b85a
  SnapKit: fe8a619752f3f27075cc9a90244d75c6c3f27e2a
  SVProgressHUD: 1428aafac632c1f86f62aa4243ec12008d7a51d6

PODFILE CHECKSUM: 532a98a62516e94401657bc80f9e472ef885ccb4

COCOAPODS: 1.11.2
